
Microsoft Visual Studio Solution File, Format Version 12.00
# Visual Studio Version 17
VisualStudioVersion = 17.2.32516.85
MinimumVisualStudioVersion = 10.0.40219.1
Project("{9A19103F-16F7-4668-BE54-9A1E7A4F7556}") = "Vitatic", "Vitatic.csproj", "{3952D9FD-5CAA-49A9-A446-E36D3410E86D}"
EndProject
Project("{2150E333-8FDC-42A3-9474-1A3956D46DE8}") = "01.Entities", "01.Entities", "{6A48FA26-234E-40AB-A8AC-32BE6C3D65D8}"
EndProject
Project("{2150E333-8FDC-42A3-9474-1A3956D46DE8}") = "02.DataAccess", "02.DataAccess", "{2B70A08C-FA9A-48BB-8A29-D67CC0BE0CB9}"
EndProject
Project("{2150E333-8FDC-42A3-9474-1A3956D46DE8}") = "03.Business", "03.Business", "{DB542080-A56C-491A-A909-B591C09BC37C}"
EndProject
Project("{2150E333-8FDC-42A3-9474-1A3956D46DE8}") = "04.Dto", "04.Dto", "{52BC6A52-BAE8-4ED1-8FFF-6CA42814D084}"
EndProject
Project("{2150E333-8FDC-42A3-9474-1A3956D46DE8}") = "05.API", "05.API", "{E9057837-BA2A-41B1-BFEA-E9FBDE66DC7B}"
EndProject
Project("{9A19103F-16F7-4668-BE54-9A1E7A4F7556}") = "Vitatic.Entities", "..\Vitatic.Entities\Vitatic.Entities.csproj", "{B2D57AE4-95D7-4028-BB1E-10DC2431661B}"
EndProject
Project("{9A19103F-16F7-4668-BE54-9A1E7A4F7556}") = "Vitatic.DataAccess", "..\Vitatic.DataAccess\Vitatic.DataAccess.csproj", "{1FBF1182-B9F0-4800-BAAB-9339DCBDD0FF}"
EndProject
Project("{9A19103F-16F7-4668-BE54-9A1E7A4F7556}") = "Vitatic.Business", "..\Vitatic.Business\Vitatic.Business.csproj", "{E89C8BD5-A49B-4A18-A651-BF8442A3A3EC}"
EndProject
Project("{FAE04EC0-301F-11D3-BF4B-00C04F79EFBC}") = "Vitatic.dto", "..\Vita.dto\Vitatic.dto.csproj", "{1FC4A48B-D48C-4A5E-B192-76C45D4BF891}"
EndProject
Global
	GlobalSection(SolutionConfigurationPlatforms) = preSolution
		Debug|Any CPU = Debug|Any CPU
		Release|Any CPU = Release|Any CPU
	EndGlobalSection
	GlobalSection(ProjectConfigurationPlatforms) = postSolution
		{3952D9FD-5CAA-49A9-A446-E36D3410E86D}.Debug|Any CPU.ActiveCfg = Debug|Any CPU
		{3952D9FD-5CAA-49A9-A446-E36D3410E86D}.Debug|Any CPU.Build.0 = Debug|Any CPU
		{3952D9FD-5CAA-49A9-A446-E36D3410E86D}.Release|Any CPU.ActiveCfg = Release|Any CPU
		{3952D9FD-5CAA-49A9-A446-E36D3410E86D}.Release|Any CPU.Build.0 = Release|Any CPU
		{B2D57AE4-95D7-4028-BB1E-10DC2431661B}.Debug|Any CPU.ActiveCfg = Debug|Any CPU
		{B2D57AE4-95D7-4028-BB1E-10DC2431661B}.Debug|Any CPU.Build.0 = Debug|Any CPU
		{B2D57AE4-95D7-4028-BB1E-10DC2431661B}.Release|Any CPU.ActiveCfg = Release|Any CPU
		{B2D57AE4-95D7-4028-BB1E-10DC2431661B}.Release|Any CPU.Build.0 = Release|Any CPU
		{1FBF1182-B9F0-4800-BAAB-9339DCBDD0FF}.Debug|Any CPU.ActiveCfg = Debug|Any CPU
		{1FBF1182-B9F0-4800-BAAB-9339DCBDD0FF}.Debug|Any CPU.Build.0 = Debug|Any CPU
		{1FBF1182-B9F0-4800-BAAB-9339DCBDD0FF}.Release|Any CPU.ActiveCfg = Release|Any CPU
		{1FBF1182-B9F0-4800-BAAB-9339DCBDD0FF}.Release|Any CPU.Build.0 = Release|Any CPU
		{E89C8BD5-A49B-4A18-A651-BF8442A3A3EC}.Debug|Any CPU.ActiveCfg = Debug|Any CPU
		{E89C8BD5-A49B-4A18-A651-BF8442A3A3EC}.Debug|Any CPU.Build.0 = Debug|Any CPU
		{E89C8BD5-A49B-4A18-A651-BF8442A3A3EC}.Release|Any CPU.ActiveCfg = Release|Any CPU
		{E89C8BD5-A49B-4A18-A651-BF8442A3A3EC}.Release|Any CPU.Build.0 = Release|Any CPU
		{1FC4A48B-D48C-4A5E-B192-76C45D4BF891}.Debug|Any CPU.ActiveCfg = Debug|Any CPU
		{1FC4A48B-D48C-4A5E-B192-76C45D4BF891}.Debug|Any CPU.Build.0 = Debug|Any CPU
		{1FC4A48B-D48C-4A5E-B192-76C45D4BF891}.Release|Any CPU.ActiveCfg = Release|Any CPU
		{1FC4A48B-D48C-4A5E-B192-76C45D4BF891}.Release|Any CPU.Build.0 = Release|Any CPU
	EndGlobalSection
	GlobalSection(SolutionProperties) = preSolution
		HideSolutionNode = FALSE
	EndGlobalSection
	GlobalSection(NestedProjects) = preSolution
		{3952D9FD-5CAA-49A9-A446-E36D3410E86D} = {E9057837-BA2A-41B1-BFEA-E9FBDE66DC7B}
		{B2D57AE4-95D7-4028-BB1E-10DC2431661B} = {6A48FA26-234E-40AB-A8AC-32BE6C3D65D8}
		{1FBF1182-B9F0-4800-BAAB-9339DCBDD0FF} = {2B70A08C-FA9A-48BB-8A29-D67CC0BE0CB9}
		{E89C8BD5-A49B-4A18-A651-BF8442A3A3EC} = {DB542080-A56C-491A-A909-B591C09BC37C}
		{1FC4A48B-D48C-4A5E-B192-76C45D4BF891} = {52BC6A52-BAE8-4ED1-8FFF-6CA42814D084}
	EndGlobalSection
	GlobalSection(ExtensibilityGlobals) = postSolution
		SolutionGuid = {6D309BF4-D576-4192-AAAF-87331DE9EC6E}
	EndGlobalSection
EndGlobal
